<?xml version="1.0" encoding="utf-8"?>
<Project ToolsVersion="4.0" xmlns="http://schemas.microsoft.com/developer/msbuild/2003">
  <ItemGroup>
    <Filter Include="1_header">
      <UniqueIdentifier>{59fd470d-959b-46fe-b4a5-9bb67eae906d}</UniqueIdentifier>
    </Filter>
    <Filter Include="2_source">
      <UniqueIdentifier>{421807fc-e268-47af-ab9f-38bdfbfb2274}</UniqueIdentifier>
    </Filter>
    <Filter Include="3_shader">
      <UniqueIdentifier>{6120282b-b762-4e39-b435-a7feee34ca69}</UniqueIdentifier>
    </Filter>
    <Filter Include="1_header\Scene">
      <UniqueIdentifier>{ddcd5cfa-7b60-4c40-b3d1-13621f30f715}</UniqueIdentifier>
    </Filter>
    <Filter Include="2_source\Scene">
      <UniqueIdentifier>{249af4bf-0c1a-47b6-bca9-0e3c7e3c1e24}</UniqueIdentifier>
    </Filter>
    <Filter Include="1_header\Renderer">
      <UniqueIdentifier>{33dd222e-3a93-4ef2-abbb-44c2e0400a46}</UniqueIdentifier>
    </Filter>
    <Filter Include="2_source\Renderer">
      <UniqueIdentifier>{8d9c859b-7140-4dd1-93ae-f5bbf527317b}</UniqueIdentifier>
    </Filter>
    <Filter Include="1_header\Manager">
      <UniqueIdentifier>{700d5a5a-e9d0-494c-96bb-75f3e48197dd}</UniqueIdentifier>
    </Filter>
    <Filter Include="2_source\Manager">
      <UniqueIdentifier>{e80915f1-8200-4bf9-b19b-e03b7f04f8b0}</UniqueIdentifier>
    </Filter>
    <Filter Include="3_shader\FBX">
      <UniqueIdentifier>{9c7b7945-b5c9-40e9-bec0-604cbd84228a}</UniqueIdentifier>
    </Filter>
    <Filter Include="3_shader\Pera">
      <UniqueIdentifier>{8c43ddb1-5674-4c8f-b19f-d052a03e8544}</UniqueIdentifier>
    </Filter>
    <Filter Include="1_header\Wrapper">
      <UniqueIdentifier>{3e16fe62-61ec-4015-9fac-412a10a2a679}</UniqueIdentifier>
    </Filter>
    <Filter Include="2_source\Wrapper">
      <UniqueIdentifier>{dc85f45e-31b2-4f2d-b4fe-51acd9a31c76}</UniqueIdentifier>
    </Filter>
    <Filter Include="2_source\Package">
      <UniqueIdentifier>{fb46cef4-fe6c-4465-bdcd-e52ff79f6202}</UniqueIdentifier>
    </Filter>
    <Filter Include="1_header\Package">
      <UniqueIdentifier>{b7a9e5d5-724c-4e45-b803-cccccd33eb3f}</UniqueIdentifier>
    </Filter>
    <Filter Include="1_header\FBX">
      <UniqueIdentifier>{5477b80c-97c1-46a4-aa7c-9d2a70f33008}</UniqueIdentifier>
    </Filter>
    <Filter Include="2_source\FBX">
      <UniqueIdentifier>{29eab878-d817-423e-bfea-4a35a84dd1f8}</UniqueIdentifier>
    </Filter>
    <Filter Include="1_header\FBX\AnimNodes">
      <UniqueIdentifier>{42f4fbe7-d0f3-4a61-9744-afacaeb8b675}</UniqueIdentifier>
    </Filter>
    <Filter Include="2_source\FBX\AnimNodes">
      <UniqueIdentifier>{7a03f491-5709-4282-8078-1b888dfb9408}</UniqueIdentifier>
    </Filter>
    <Filter Include="1_header\Collider">
      <UniqueIdentifier>{98d9ef17-73f2-480a-9cb6-acaa774b786b}</UniqueIdentifier>
    </Filter>
    <Filter Include="2_source\Collider">
      <UniqueIdentifier>{9ebdf3cf-671b-42e1-8a64-28d529208d4c}</UniqueIdentifier>
    </Filter>
    <Filter Include="1_header\OcTree">
      <UniqueIdentifier>{77d4d597-9a0d-462a-9d36-da476263c6ee}</UniqueIdentifier>
    </Filter>
    <Filter Include="2_source\OcTree">
      <UniqueIdentifier>{e1783631-d363-4fd4-88b0-111fc8a95d42}</UniqueIdentifier>
    </Filter>
  </ItemGroup>
  <ItemGroup>
    <ClInclude Include="1_header\Functions.h">
      <Filter>1_header</Filter>
    </ClInclude>
    <ClInclude Include="1_header\Application.h">
      <Filter>1_header</Filter>
    </ClInclude>
    <ClInclude Include="1_header\Scene\PlayScene.h">
      <Filter>1_header\Scene</Filter>
    </ClInclude>
    <ClInclude Include="1_header\Renderer\PeraRenderer.h">
      <Filter>1_header\Renderer</Filter>
    </ClInclude>
    <ClInclude Include="1_header\Renderer\Renderer.h">
      <Filter>1_header\Renderer</Filter>
    </ClInclude>
    <ClInclude Include="1_header\Manager\ImGuiManager.h">
      <Filter>1_header\Manager</Filter>
    </ClInclude>
    <ClInclude Include="1_header\Manager\InputManager.h">
      <Filter>1_header\Manager</Filter>
    </ClInclude>
    <ClInclude Include="1_header\Manager\SoundManager.h">
      <Filter>1_header\Manager</Filter>
    </ClInclude>
    <ClInclude Include="1_header\Manager\SpriteManager.h">
      <Filter>1_header\Manager</Filter>
    </ClInclude>
    <ClInclude Include="1_header\Wrapper\SphericalCoordinates.h">
      <Filter>1_header\Wrapper</Filter>
    </ClInclude>
    <ClInclude Include="1_header\Wrapper\Dx12Wrapper.h">
      <Filter>1_header\Wrapper</Filter>
    </ClInclude>
    <ClInclude Include="1_header\Package\MemoryMappedFile.h">
      <Filter>1_header\Package</Filter>
    </ClInclude>
    <ClInclude Include="1_header\Package\Package.h">
      <Filter>1_header\Package</Filter>
    </ClInclude>
    <ClInclude Include="1_header\Manager\EffectManager.h">
      <Filter>1_header\Manager</Filter>
    </ClInclude>
    <ClInclude Include="1_header\FBX\FBXActor.h">
      <Filter>1_header\FBX</Filter>
    </ClInclude>
    <ClInclude Include="1_header\FBX\AssimpLoader.h">
      <Filter>1_header\FBX</Filter>
    </ClInclude>
    <ClInclude Include="1_header\FBX\FBXBase.h">
      <Filter>1_header\FBX</Filter>
    </ClInclude>
    <ClInclude Include="1_header\FBX\FBXObject.h">
      <Filter>1_header\FBX</Filter>
    </ClInclude>
    <ClInclude Include="1_header\FBX\AnimNodes\Animations.h">
      <Filter>1_header\FBX\AnimNodes</Filter>
    </ClInclude>
    <ClInclude Include="1_header\Includes.h">
      <Filter>1_header</Filter>
    </ClInclude>
    <ClInclude Include="1_header\Scene\TitleScene.h">
      <Filter>1_header\Scene</Filter>
    </ClInclude>
    <ClInclude Include="1_header\FBX\AnimNodes\AnimNode.h">
      <Filter>1_header\FBX\AnimNodes</Filter>
    </ClInclude>
    <ClInclude Include="1_header\Collider\BoxCollider.h">
      <Filter>1_header\Collider</Filter>
    </ClInclude>
    <ClInclude Include="1_header\Collider\BoxCollider2D.h">
      <Filter>1_header\Collider</Filter>
    </ClInclude>
    <ClInclude Include="1_header\Collider\CollisionDetector.h">
      <Filter>1_header\Collider</Filter>
    </ClInclude>
    <ClInclude Include="1_header\OcTree\OcTreeNode.h">
      <Filter>1_header\OcTree</Filter>
    </ClInclude>
    <ClInclude Include="1_header\OcTree\OcTree.h">
      <Filter>1_header\OcTree</Filter>
    </ClInclude>
    <ClInclude Include="1_header\Vector3.h">
      <Filter>1_header</Filter>
    </ClInclude>
    <ClInclude Include="1_header\Scene\SceneComposition.h">
      <Filter>1_header\Scene</Filter>
    </ClInclude>
    <ClInclude Include="1_header\Scene\IScene.h">
      <Filter>1_header\Scene</Filter>
    </ClInclude>
    <ClInclude Include="1_header\FBX\FBXComposition.h">
      <Filter>1_header\FBX</Filter>
    </ClInclude>
  </ItemGroup>
  <ItemGroup>
    <ClCompile Include="2_source\Application.cpp">
      <Filter>2_source</Filter>
    </ClCompile>
    <ClCompile Include="2_source\main.cpp">
      <Filter>2_source</Filter>
    </ClCompile>
    <ClCompile Include="2_source\Scene\PlayScene.cpp">
      <Filter>2_source\Scene</Filter>
    </ClCompile>
    <ClCompile Include="2_source\Renderer\PeraRenderer.cpp">
      <Filter>2_source\Renderer</Filter>
    </ClCompile>
    <ClCompile Include="2_source\Renderer\Renderer.cpp">
      <Filter>2_source\Renderer</Filter>
    </ClCompile>
    <ClCompile Include="2_source\Manager\ImGuiManager.cpp">
      <Filter>2_source\Manager</Filter>
    </ClCompile>
    <ClCompile Include="2_source\Manager\InputManager.cpp">
      <Filter>2_source\Manager</Filter>
    </ClCompile>
    <ClCompile Include="2_source\Manager\SoundManager.cpp">
      <Filter>2_source\Manager</Filter>
    </ClCompile>
    <ClCompile Include="2_source\Manager\SpriteManager.cpp">
      <Filter>2_source\Manager</Filter>
    </ClCompile>
    <ClCompile Include="2_source\Wrapper\Dx12Wrapper.cpp">
      <Filter>2_source\Wrapper</Filter>
    </ClCompile>
    <ClCompile Include="2_source\Wrapper\SphericalCoordinates.cpp">
      <Filter>2_source\Wrapper</Filter>
    </ClCompile>
    <ClCompile Include="2_source\Package\MemoryMappedFile.cpp">
      <Filter>2_source\Package</Filter>
    </ClCompile>
    <ClCompile Include="2_source\Package\Package.cpp">
      <Filter>2_source\Package</Filter>
    </ClCompile>
    <ClCompile Include="2_source\Manager\EffectManager.cpp">
      <Filter>2_source\Manager</Filter>
    </ClCompile>
    <ClCompile Include="2_source\FBX\AssimpLoader.cpp">
      <Filter>2_source\FBX</Filter>
    </ClCompile>
    <ClCompile Include="2_source\FBX\FBXActor.cpp">
      <Filter>2_source\FBX</Filter>
    </ClCompile>
    <ClCompile Include="2_source\FBX\FBXBase.cpp">
      <Filter>2_source\FBX</Filter>
    </ClCompile>
    <ClCompile Include="2_source\FBX\FBXObject.cpp">
      <Filter>2_source\FBX</Filter>
    </ClCompile>
    <ClCompile Include="2_source\FBX\AnimNodes\AnimNode.cpp">
      <Filter>2_source\FBX\AnimNodes</Filter>
    </ClCompile>
    <ClCompile Include="2_source\Scene\TitleScene.cpp">
      <Filter>2_source\Scene</Filter>
    </ClCompile>
    <ClCompile Include="2_source\Collider\BoxCollider.cpp">
      <Filter>2_source\Collider</Filter>
    </ClCompile>
    <ClCompile Include="2_source\Collider\BoxCollider2D.cpp">
      <Filter>2_source\Collider</Filter>
    </ClCompile>
    <ClCompile Include="2_source\Collider\CollisionDetector.cpp">
      <Filter>2_source\Collider</Filter>
    </ClCompile>
    <ClCompile Include="2_source\OcTree\OcTreeNode.cpp">
      <Filter>2_source\OcTree</Filter>
    </ClCompile>
    <ClCompile Include="2_source\OcTree\OcTree.cpp">
      <Filter>2_source\OcTree</Filter>
    </ClCompile>
    <ClCompile Include="2_source\Scene\SceneComposition.cpp">
      <Filter>2_source\Scene</Filter>
    </ClCompile>
    <ClCompile Include="2_source\FBX\FBXComposition.cpp">
      <Filter>2_source\FBX</Filter>
    </ClCompile>
  </ItemGroup>
  <ItemGroup>
    <FxCompile Include="3_shader\FBX\FBXPixelShader.hlsl">
      <Filter>3_shader\FBX</Filter>
    </FxCompile>
    <FxCompile Include="3_shader\FBX\FBXVertexShader.hlsl">
      <Filter>3_shader\FBX</Filter>
    </FxCompile>
    <FxCompile Include="3_shader\Pera\PeraPixel.hlsl">
      <Filter>3_shader\Pera</Filter>
    </FxCompile>
    <FxCompile Include="3_shader\Pera\PeraVertex.hlsl">
      <Filter>3_shader\Pera</Filter>
    </FxCompile>
  </ItemGroup>
  <ItemGroup>
    <None Include="3_shader\FBX\FBXShaderHeader.hlsli">
      <Filter>3_shader\FBX</Filter>
    </None>
    <None Include="3_shader\Pera\PeraHeader.hlsli">
      <Filter>3_shader\Pera</Filter>
    </None>
  </ItemGroup>
</Project>